
Microsoft Visual Studio Solution File, Format Version 12.00
# Visual Studio Version 17
VisualStudioVersion = 17.5.002.0
MinimumVisualStudioVersion = 10.0.40219.1
Project("{9A19103F-16F7-4668-BE54-9A1E7A4F7556}") = "ApiAula", "ApiAula.csproj", "{D01FA93E-F70C-4A94-9373-4485E534FB47}"
EndProject
Global
	GlobalSection(SolutionConfigurationPlatforms) = preSolution
		Debug|Any CPU = Debug|Any CPU
		Release|Any CPU = Release|Any CPU
	EndGlobalSection
	GlobalSection(ProjectConfigurationPlatforms) = postSolution
		{D01FA93E-F70C-4A94-9373-4485E534FB47}.Debug|Any CPU.ActiveCfg = Debug|Any CPU
		{D01FA93E-F70C-4A94-9373-4485E534FB47}.Debug|Any CPU.Build.0 = Debug|Any CPU
		{D01FA93E-F70C-4A94-9373-4485E534FB47}.Release|Any CPU.ActiveCfg = Release|Any CPU
		{D01FA93E-F70C-4A94-9373-4485E534FB47}.Release|Any CPU.Build.0 = Release|Any CPU
	EndGlobalSection
	GlobalSection(SolutionProperties) = preSolution
		HideSolutionNode = FALSE
	EndGlobalSection
	GlobalSection(ExtensibilityGlobals) = postSolution
		SolutionGuid = {31D97A90-B3E4-4863-8536-148F0BCEA7DA}
	EndGlobalSection
EndGlobal
